
Microsoft Visual Studio Solution File, Format Version 12.00
# Visual Studio Version 16
VisualStudioVersion = 16.0.32106.194
MinimumVisualStudioVersion = 10.0.40219.1
Project("{FAE04EC0-301F-11D3-BF4B-00C04F79EFBC}") = "HiddenCubicNumbers.Test", "HiddenCubicNumbers.Test\HiddenCubicNumbers.Test.csproj", "{0FD7C2BA-59FA-4A28-8DA6-94ACC1B7FB19}"
EndProject
Project("{FAE04EC0-301F-11D3-BF4B-00C04F79EFBC}") = "HiddenCubicNumbers.App", "HiddenCubicNumbers.App\HiddenCubicNumbers.App.csproj", "{0A53B559-C27C-4DE9-8F55-960E687B2F7A}"
EndProject
Global
	GlobalSection(SolutionConfigurationPlatforms) = preSolution
		Debug|Any CPU = Debug|Any CPU
		Release|Any CPU = Release|Any CPU
	EndGlobalSection
	GlobalSection(ProjectConfigurationPlatforms) = postSolution
		{0FD7C2BA-59FA-4A28-8DA6-94ACC1B7FB19}.Debug|Any CPU.ActiveCfg = Debug|Any CPU
		{0FD7C2BA-59FA-4A28-8DA6-94ACC1B7FB19}.Debug|Any CPU.Build.0 = Debug|Any CPU
		{0FD7C2BA-59FA-4A28-8DA6-94ACC1B7FB19}.Release|Any CPU.ActiveCfg = Release|Any CPU
		{0FD7C2BA-59FA-4A28-8DA6-94ACC1B7FB19}.Release|Any CPU.Build.0 = Release|Any CPU
		{0A53B559-C27C-4DE9-8F55-960E687B2F7A}.Debug|Any CPU.ActiveCfg = Debug|Any CPU
		{0A53B559-C27C-4DE9-8F55-960E687B2F7A}.Debug|Any CPU.Build.0 = Debug|Any CPU
		{0A53B559-C27C-4DE9-8F55-960E687B2F7A}.Release|Any CPU.ActiveCfg = Release|Any CPU
		{0A53B559-C27C-4DE9-8F55-960E687B2F7A}.Release|Any CPU.Build.0 = Release|Any CPU
	EndGlobalSection
	GlobalSection(SolutionProperties) = preSolution
		HideSolutionNode = FALSE
	EndGlobalSection
	GlobalSection(ExtensibilityGlobals) = postSolution
		SolutionGuid = {A2A7C923-26C9-41F6-827C-B2A1444F7515}
	EndGlobalSection
EndGlobal
